Microsoft Visual Studio Solution File, Format Version 12.00
# Visual Studio 15
VisualStudioVersion = 15.0.27130.2020
MinimumVisualStudioVersion = 10.0.40219.1
Project("{FAE04EC0-301F-11D3-BF4B-00C04F79EFBC}") = "TodoList", "TodoList\TodoList.csproj", "{B1DF5A70-CE68-416F-94DE-B16C6F796B27}"
EndProject
Project("{FAE04EC0-301F-11D3-BF4B-00C04F79EFBC}") = "ReactNative", "..\node_modules\react-native-windows\ReactWindows\ReactNative\ReactNative.csproj", "{C7673AD5-E3AA-468C-A5FD-FA38154E205C}"
	ProjectSection(ProjectDependencies) = postProject
		{2EACF721-73B5-46AE-9775-4A8674D05A9C} = {2EACF721-73B5-46AE-9775-4A8674D05A9C}
	EndProjectSection
EndProject
Project("{D954291E-2A0B-460D-934E-DC6B0785DB48}") = "ReactNative.Shared", "..\node_modules\react-native-windows\ReactWindows\ReactNative.Shared\ReactNative.Shared.shproj", "{EEA8B852-4D07-48E1-8294-A21AB5909FE5}"
EndProject
Project("{8BC9CEB8-8B4A-11D0-8D11-00A0C91BC942}") = "ChakraBridge", "..\node_modules\react-native-windows\ReactWindows\ChakraBridge\ChakraBridge.vcxproj", "{4B72C796-16D5-4E3A-81C0-3E36F531E578}"
EndProject
Project("{FAE04EC0-301F-11D3-BF4B-00C04F79EFBC}") = "ReactNativeWebViewBridge", "..\node_modules\react-native-windows\ReactWindows\ReactNativeWebViewBridge\ReactNativeWebViewBridge.csproj", "{7596216B-669C-41F8-86DA-F3637F6545C0}"
EndProject
Project("{D954291E-2A0B-460D-934E-DC6B0785DB48}") = "Facebook.Yoga.Shared", "..\node_modules\react-native-windows\Yoga\csharp\Facebook.Yoga\Facebook.Yoga.Shared.shproj", "{91C42D32-291D-4B72-90B4-551663D60B8B}"
EndProject
Project("{8BC9CEB8-8B4A-11D0-8D11-00A0C91BC942}") = "yoga.uwp", "..\node_modules\react-native-windows\Yoga\csharp\Yoga\Yoga.Universal.vcxproj", "{2EACF721-73B5-46AE-9775-4A8674D05A9C}"
EndProject
Project("{FAE04EC0-301F-11D3-BF4B-00C04F79EFBC}") = "SQLitePlugin", "..\node_modules\react-native-sqlite-storage\src\windows\SQLitePlugin\SQLitePlugin.csproj", "{6A1F04D0-8750-11E6-AADE-EB9EAC8D95CF}"
EndProject
Global
	GlobalSection(SharedMSBuildProjectFiles) = preSolution
		..\node_modules\react-native-windows\Yoga\csharp\Facebook.Yoga\Facebook.Yoga.Shared.projitems*{91c42d32-291d-4b72-90b4-551663d60b8b}*SharedItemsImports = 13
		..\node_modules\react-native-windows\ReactWindows\ReactNative.Shared\ReactNative.Shared.projitems*{c7673ad5-e3aa-468c-a5fd-fa38154e205c}*SharedItemsImports = 4
		..\node_modules\react-native-windows\Yoga\csharp\Facebook.Yoga\Facebook.Yoga.Shared.projitems*{c7673ad5-e3aa-468c-a5fd-fa38154e205c}*SharedItemsImports = 4
		..\node_modules\react-native-windows\ReactWindows\ReactNative.Shared\ReactNative.Shared.projitems*{eea8b852-4d07-48e1-8294-a21ab5909fe5}*SharedItemsImports = 13
	EndGlobalSection
	GlobalSection(SolutionConfigurationPlatforms) = preSolution
		Debug|Any CPU = Debug|Any CPU
		Debug|ARM = Debug|ARM
		Debug|x64 = Debug|x64
		Debug|x86 = Debug|x86
		DebugBundle|Any CPU = DebugBundle|Any CPU
		DebugBundle|ARM = DebugBundle|ARM
		DebugBundle|x64 = DebugBundle|x64
		DebugBundle|x86 = DebugBundle|x86
		Development|Any CPU = Development|Any CPU
		Development|ARM = Development|ARM
		Development|x64 = Development|x64
		Development|x86 = Development|x86
		Release|Any CPU = Release|Any CPU
		Release|ARM = Release|ARM
		Release|x64 = Release|x64
		Release|x86 = Release|x86
		ReleaseBundle|Any CPU = ReleaseBundle|Any CPU
		ReleaseBundle|ARM = ReleaseBundle|ARM
		ReleaseBundle|x64 = ReleaseBundle|x64
		ReleaseBundle|x86 = ReleaseBundle|x86
	EndGlobalSection
	GlobalSection(ProjectConfigurationPlatforms) = postSolution
		{B1DF5A70-CE68-416F-94DE-B16C6F796B27}.Debug|Any CPU.ActiveCfg = Debug|x86
		{B1DF5A70-CE68-416F-94DE-B16C6F796B27}.Debug|ARM.ActiveCfg = Debug|ARM
		{B1DF5A70-CE68-416F-94DE-B16C6F796B27}.Debug|ARM.Build.0 = Debug|ARM
		{B1DF5A70-CE68-416F-94DE-B16C6F796B27}.Debug|ARM.Deploy.0 = Debug|ARM
		{B1DF5A70-CE68-416F-94DE-B16C6F796B27}.Debug|x64.ActiveCfg = Debug|x64
		{B1DF5A70-CE68-416F-94DE-B16C6F796B27}.Debug|x64.Build.0 = Debug|x64
		{B1DF5A70-CE68-416F-94DE-B16C6F796B27}.Debug|x64.Deploy.0 = Debug|x64
		{B1DF5A70-CE68-416F-94DE-B16C6F796B27}.Debug|x86.ActiveCfg = Debug|x86
		{B1DF5A70-CE68-416F-94DE-B16C6F796B27}.Debug|x86.Build.0 = Debug|x86
		{B1DF5A70-CE68-416F-94DE-B16C6F796B27}.Debug|x86.Deploy.0 = Debug|x86
		{B1DF5A70-CE68-416F-94DE-B16C6F796B27}.DebugBundle|Any CPU.ActiveCfg = DebugBundle|x86
		{B1DF5A70-CE68-416F-94DE-B16C6F796B27}.DebugBundle|ARM.ActiveCfg = DebugBundle|ARM
		{B1DF5A70-CE68-416F-94DE-B16C6F796B27}.DebugBundle|ARM.Build.0 = DebugBundle|ARM
		{B1DF5A70-CE68-416F-94DE-B16C6F796B27}.DebugBundle|ARM.Deploy.0 = DebugBundle|ARM
		{B1DF5A70-CE68-416F-94DE-B16C6F796B27}.DebugBundle|x64.ActiveCfg = DebugBundle|x64
		{B1DF5A70-CE68-416F-94DE-B16C6F796B27}.DebugBundle|x64.Build.0 = DebugBundle|x64
		{B1DF5A70-CE68-416F-94DE-B16C6F796B27}.DebugBundle|x64.Deploy.0 = DebugBundle|x64
		{B1DF5A70-CE68-416F-94DE-B16C6F796B27}.DebugBundle|x86.ActiveCfg = DebugBundle|x86
		{B1DF5A70-CE68-416F-94DE-B16C6F796B27}.DebugBundle|x86.Build.0 = DebugBundle|x86
		{B1DF5A70-CE68-416F-94DE-B16C6F796B27}.DebugBundle|x86.Deploy.0 = DebugBundle|x86
		{B1DF5A70-CE68-416F-94DE-B16C6F796B27}.Development|Any CPU.ActiveCfg = ReleaseBundle|x86
		{B1DF5A70-CE68-416F-94DE-B16C6F796B27}.Development|Any CPU.Build.0 = ReleaseBundle|x86
		{B1DF5A70-CE68-416F-94DE-B16C6F796B27}.Development|Any CPU.Deploy.0 = ReleaseBundle|x86
		{B1DF5A70-CE68-416F-94DE-B16C6F796B27}.Development|ARM.ActiveCfg = DebugBundle|ARM
		{B1DF5A70-CE68-416F-94DE-B16C6F796B27}.Development|ARM.Build.0 = DebugBundle|ARM
		{B1DF5A70-CE68-416F-94DE-B16C6F796B27}.Development|ARM.Deploy.0 = DebugBundle|ARM
		{B1DF5A70-CE68-416F-94DE-B16C6F796B27}.Development|x64.ActiveCfg = DebugBundle|x64
		{B1DF5A70-CE68-416F-94DE-B16C6F796B27}.Development|x64.Build.0 = DebugBundle|x64
		{B1DF5A70-CE68-416F-94DE-B16C6F796B27}.Development|x64.Deploy.0 = DebugBundle|x64
		{B1DF5A70-CE68-416F-94DE-B16C6F796B27}.Development|x86.ActiveCfg = DebugBundle|x86
		{B1DF5A70-CE68-416F-94DE-B16C6F796B27}.Development|x86.Build.0 = DebugBundle|x86
		{B1DF5A70-CE68-416F-94DE-B16C6F796B27}.Development|x86.Deploy.0 = DebugBundle|x86
		{B1DF5A70-CE68-416F-94DE-B16C6F796B27}.Release|Any CPU.ActiveCfg = Release|x86
		{B1DF5A70-CE68-416F-94DE-B16C6F796B27}.Release|ARM.ActiveCfg = Release|ARM
		{B1DF5A70-CE68-416F-94DE-B16C6F796B27}.Release|ARM.Build.0 = Release|ARM
		{B1DF5A70-CE68-416F-94DE-B16C6F796B27}.Release|ARM.Deploy.0 = Release|ARM
		{B1DF5A70-CE68-416F-94DE-B16C6F796B27}.Release|x64.ActiveCfg = Release|x64
		{B1DF5A70-CE68-416F-94DE-B16C6F796B27}.Release|x64.Build.0 = Release|x64
		{B1DF5A70-CE68-416F-94DE-B16C6F796B27}.Release|x64.Deploy.0 = Release|x64
		{B1DF5A70-CE68-416F-94DE-B16C6F796B27}.Release|x86.ActiveCfg = Release|x86
		{B1DF5A70-CE68-416F-94DE-B16C6F796B27}.Release|x86.Build.0 = Release|x86
		{B1DF5A70-CE68-416F-94DE-B16C6F796B27}.Release|x86.Deploy.0 = Release|x86
		{B1DF5A70-CE68-416F-94DE-B16C6F796B27}.ReleaseBundle|Any CPU.ActiveCfg = ReleaseBundle|x86
		{B1DF5A70-CE68-416F-94DE-B16C6F796B27}.ReleaseBundle|ARM.ActiveCfg = ReleaseBundle|ARM
		{B1DF5A70-CE68-416F-94DE-B16C6F796B27}.ReleaseBundle|ARM.Build.0 = ReleaseBundle|ARM
		{B1DF5A70-CE68-416F-94DE-B16C6F796B27}.ReleaseBundle|ARM.Deploy.0 = ReleaseBundle|ARM
		{B1DF5A70-CE68-416F-94DE-B16C6F796B27}.ReleaseBundle|x64.ActiveCfg = ReleaseBundle|x64
		{B1DF5A70-CE68-416F-94DE-B16C6F796B27}.ReleaseBundle|x64.Build.0 = ReleaseBundle|x64
		{B1DF5A70-CE68-416F-94DE-B16C6F796B27}.ReleaseBundle|x64.Deploy.0 = ReleaseBundle|x64
		{B1DF5A70-CE68-416F-94DE-B16C6F796B27}.ReleaseBundle|x86.ActiveCfg = ReleaseBundle|x86
		{B1DF5A70-CE68-416F-94DE-B16C6F796B27}.ReleaseBundle|x86.Build.0 = ReleaseBundle|x86
		{B1DF5A70-CE68-416F-94DE-B16C6F796B27}.ReleaseBundle|x86.Deploy.0 = ReleaseBundle|x86
		{C7673AD5-E3AA-468C-A5FD-FA38154E205C}.Debug|Any CPU.ActiveCfg = Debug|x86
		{C7673AD5-E3AA-468C-A5FD-FA38154E205C}.Debug|ARM.ActiveCfg = Debug|ARM
		{C7673AD5-E3AA-468C-A5FD-FA38154E205C}.Debug|ARM.Build.0 = Debug|ARM
		{C7673AD5-E3AA-468C-A5FD-FA38154E205C}.Debug|x64.ActiveCfg = Debug|x64
		{C7673AD5-E3AA-468C-A5FD-FA38154E205C}.Debug|x64.Build.0 = Debug|x64
		{C7673AD5-E3AA-468C-A5FD-FA38154E205C}.Debug|x86.ActiveCfg = Debug|x86
		{C7673AD5-E3AA-468C-A5FD-FA38154E205C}.Debug|x86.Build.0 = Debug|x86
		{C7673AD5-E3AA-468C-A5FD-FA38154E205C}.DebugBundle|Any CPU.ActiveCfg = Release|x86
		{C7673AD5-E3AA-468C-A5FD-FA38154E205C}.DebugBundle|Any CPU.Build.0 = Release|x86
		{C7673AD5-E3AA-468C-A5FD-FA38154E205C}.DebugBundle|ARM.ActiveCfg = Debug|ARM
		{C7673AD5-E3AA-468C-A5FD-FA38154E205C}.DebugBundle|ARM.Build.0 = Debug|ARM
		{C7673AD5-E3AA-468C-A5FD-FA38154E205C}.DebugBundle|x64.ActiveCfg = Debug|x64
		{C7673AD5-E3AA-468C-A5FD-FA38154E205C}.DebugBundle|x64.Build.0 = Debug|x64
		{C7673AD5-E3AA-468C-A5FD-FA38154E205C}.DebugBundle|x86.ActiveCfg = Debug|x86
		{C7673AD5-E3AA-468C-A5FD-FA38154E205C}.DebugBundle|x86.Build.0 = Debug|x86
		{C7673AD5-E3AA-468C-A5FD-FA38154E205C}.Development|Any CPU.ActiveCfg = Release|x86
		{C7673AD5-E3AA-468C-A5FD-FA38154E205C}.Development|Any CPU.Build.0 = Release|x86
		{C7673AD5-E3AA-468C-A5FD-FA38154E205C}.Development|ARM.ActiveCfg = Debug|ARM
		{C7673AD5-E3AA-468C-A5FD-FA38154E205C}.Development|ARM.Build.0 = Debug|ARM
		{C7673AD5-E3AA-468C-A5FD-FA38154E205C}.Development|x64.ActiveCfg = Debug|x64
		{C7673AD5-E3AA-468C-A5FD-FA38154E205C}.Development|x64.Build.0 = Debug|x64
		{C7673AD5-E3AA-468C-A5FD-FA38154E205C}.Development|x86.ActiveCfg = Debug|x86
		{C7673AD5-E3AA-468C-A5FD-FA38154E205C}.Development|x86.Build.0 = Debug|x86
		{C7673AD5-E3AA-468C-A5FD-FA38154E205C}.Release|Any CPU.ActiveCfg = Release|x86
		{C7673AD5-E3AA-468C-A5FD-FA38154E205C}.Release|ARM.ActiveCfg = Release|ARM
		{C7673AD5-E3AA-468C-A5FD-FA38154E205C}.Release|ARM.Build.0 = Release|ARM
		{C7673AD5-E3AA-468C-A5FD-FA38154E205C}.Release|x64.ActiveCfg = Release|x64
		{C7673AD5-E3AA-468C-A5FD-FA38154E205C}.Release|x64.Build.0 = Release|x64
		{C7673AD5-E3AA-468C-A5FD-FA38154E205C}.Release|x86.ActiveCfg = Release|x86
		{C7673AD5-E3AA-468C-A5FD-FA38154E205C}.Release|x86.Build.0 = Release|x86
		{C7673AD5-E3AA-468C-A5FD-FA38154E205C}.ReleaseBundle|Any CPU.ActiveCfg = Release|x86
		{C7673AD5-E3AA-468C-A5FD-FA38154E205C}.ReleaseBundle|Any CPU.Build.0 = Release|x86
		{C7673AD5-E3AA-468C-A5FD-FA38154E205C}.ReleaseBundle|ARM.ActiveCfg = Release|ARM
		{C7673AD5-E3AA-468C-A5FD-FA38154E205C}.ReleaseBundle|ARM.Build.0 = Release|ARM
		{C7673AD5-E3AA-468C-A5FD-FA38154E205C}.ReleaseBundle|x64.ActiveCfg = Release|x64
		{C7673AD5-E3AA-468C-A5FD-FA38154E205C}.ReleaseBundle|x64.Build.0 = Release|x64
		{C7673AD5-E3AA-468C-A5FD-FA38154E205C}.ReleaseBundle|x86.ActiveCfg = Release|x86
		{C7673AD5-E3AA-468C-A5FD-FA38154E205C}.ReleaseBundle|x86.Build.0 = Release|x86
		{4B72C796-16D5-4E3A-81C0-3E36F531E578}.Debug|Any CPU.ActiveCfg = Debug|Win32
		{4B72C796-16D5-4E3A-81C0-3E36F531E578}.Debug|ARM.ActiveCfg = Debug|ARM
		{4B72C796-16D5-4E3A-81C0-3E36F531E578}.Debug|ARM.Build.0 = Debug|ARM
		{4B72C796-16D5-4E3A-81C0-3E36F531E578}.Debug|x64.ActiveCfg = Debug|x64
		{4B72C796-16D5-4E3A-81C0-3E36F531E578}.Debug|x64.Build.0 = Debug|x64
		{4B72C796-16D5-4E3A-81C0-3E36F531E578}.Debug|x86.ActiveCfg = Debug|Win32
		{4B72C796-16D5-4E3A-81C0-3E36F531E578}.Debug|x86.Build.0 = Debug|Win32
		{4B72C796-16D5-4E3A-81C0-3E36F531E578}.DebugBundle|Any CPU.ActiveCfg = Release|Win32
		{4B72C796-16D5-4E3A-81C0-3E36F531E578}.DebugBundle|Any CPU.Build.0 = Release|Win32
		{4B72C796-16D5-4E3A-81C0-3E36F531E578}.DebugBundle|ARM.ActiveCfg = Debug|ARM
		{4B72C796-16D5-4E3A-81C0-3E36F531E578}.DebugBundle|ARM.Build.0 = Debug|ARM
		{4B72C796-16D5-4E3A-81C0-3E36F531E578}.DebugBundle|x64.ActiveCfg = Debug|x64
		{4B72C796-16D5-4E3A-81C0-3E36F531E578}.DebugBundle|x64.Build.0 = Debug|x64
		{4B72C796-16D5-4E3A-81C0-3E36F531E578}.DebugBundle|x86.ActiveCfg = Debug|Win32
		{4B72C796-16D5-4E3A-81C0-3E36F531E578}.DebugBundle|x86.Build.0 = Debug|Win32
		{4B72C796-16D5-4E3A-81C0-3E36F531E578}.Development|Any CPU.ActiveCfg = Release|Win32
		{4B72C796-16D5-4E3A-81C0-3E36F531E578}.Development|Any CPU.Build.0 = Release|Win32
		{4B72C796-16D5-4E3A-81C0-3E36F531E578}.Development|ARM.ActiveCfg = Debug|ARM
		{4B72C796-16D5-4E3A-81C0-3E36F531E578}.Development|ARM.Build.0 = Debug|ARM
		{4B72C796-16D5-4E3A-81C0-3E36F531E578}.Development|x64.ActiveCfg = Debug|x64
		{4B72C796-16D5-4E3A-81C0-3E36F531E578}.Development|x64.Build.0 = Debug|x64
		{4B72C796-16D5-4E3A-81C0-3E36F531E578}.Development|x86.ActiveCfg = Debug|Win32
		{4B72C796-16D5-4E3A-81C0-3E36F531E578}.Development|x86.Build.0 = Debug|Win32
		{4B72C796-16D5-4E3A-81C0-3E36F531E578}.Release|Any CPU.ActiveCfg = Release|Win32
		{4B72C796-16D5-4E3A-81C0-3E36F531E578}.Release|ARM.ActiveCfg = Release|ARM
		{4B72C796-16D5-4E3A-81C0-3E36F531E578}.Release|ARM.Build.0 = Release|ARM
		{4B72C796-16D5-4E3A-81C0-3E36F531E578}.Release|x64.ActiveCfg = Release|x64
		{4B72C796-16D5-4E3A-81C0-3E36F531E578}.Release|x64.Build.0 = Release|x64
		{4B72C796-16D5-4E3A-81C0-3E36F531E578}.Release|x86.ActiveCfg = Release|Win32
		{4B72C796-16D5-4E3A-81C0-3E36F531E578}.Release|x86.Build.0 = Release|Win32
		{4B72C796-16D5-4E3A-81C0-3E36F531E578}.ReleaseBundle|Any CPU.ActiveCfg = Release|Win32
		{4B72C796-16D5-4E3A-81C0-3E36F531E578}.ReleaseBundle|Any CPU.Build.0 = Release|Win32
		{4B72C796-16D5-4E3A-81C0-3E36F531E578}.ReleaseBundle|ARM.ActiveCfg = Release|ARM
		{4B72C796-16D5-4E3A-81C0-3E36F531E578}.ReleaseBundle|ARM.Build.0 = Release|ARM
		{4B72C796-16D5-4E3A-81C0-3E36F531E578}.ReleaseBundle|x64.ActiveCfg = Release|x64
		{4B72C796-16D5-4E3A-81C0-3E36F531E578}.ReleaseBundle|x64.Build.0 = Release|x64
		{4B72C796-16D5-4E3A-81C0-3E36F531E578}.ReleaseBundle|x86.ActiveCfg = Release|Win32
		{4B72C796-16D5-4E3A-81C0-3E36F531E578}.ReleaseBundle|x86.Build.0 = Release|Win32
		{7596216B-669C-41F8-86DA-F3637F6545C0}.Debug|Any CPU.ActiveCfg = Debug|x86
		{7596216B-669C-41F8-86DA-F3637F6545C0}.Debug|ARM.ActiveCfg = Debug|ARM
		{7596216B-669C-41F8-86DA-F3637F6545C0}.Debug|ARM.Build.0 = Debug|ARM
		{7596216B-669C-41F8-86DA-F3637F6545C0}.Debug|x64.ActiveCfg = Debug|x64
		{7596216B-669C-41F8-86DA-F3637F6545C0}.Debug|x64.Build.0 = Debug|x64
		{7596216B-669C-41F8-86DA-F3637F6545C0}.Debug|x86.ActiveCfg = Debug|x86
		{7596216B-669C-41F8-86DA-F3637F6545C0}.Debug|x86.Build.0 = Debug|x86
		{7596216B-669C-41F8-86DA-F3637F6545C0}.DebugBundle|Any CPU.ActiveCfg = Release|x86
		{7596216B-669C-41F8-86DA-F3637F6545C0}.DebugBundle|Any CPU.Build.0 = Release|x86
		{7596216B-669C-41F8-86DA-F3637F6545C0}.DebugBundle|ARM.ActiveCfg = Debug|ARM
		{7596216B-669C-41F8-86DA-F3637F6545C0}.DebugBundle|ARM.Build.0 = Debug|ARM
		{7596216B-669C-41F8-86DA-F3637F6545C0}.DebugBundle|x64.ActiveCfg = Debug|x64
		{7596216B-669C-41F8-86DA-F3637F6545C0}.DebugBundle|x64.Build.0 = Debug|x64
		{7596216B-669C-41F8-86DA-F3637F6545C0}.DebugBundle|x86.ActiveCfg = Debug|x86
		{7596216B-669C-41F8-86DA-F3637F6545C0}.DebugBundle|x86.Build.0 = Debug|x86
		{7596216B-669C-41F8-86DA-F3637F6545C0}.Development|Any CPU.ActiveCfg = Release|x86
		{7596216B-669C-41F8-86DA-F3637F6545C0}.Development|Any CPU.Build.0 = Release|x86
		{7596216B-669C-41F8-86DA-F3637F6545C0}.Development|ARM.ActiveCfg = Debug|ARM
		{7596216B-669C-41F8-86DA-F3637F6545C0}.Development|ARM.Build.0 = Debug|ARM
		{7596216B-669C-41F8-86DA-F3637F6545C0}.Development|x64.ActiveCfg = Debug|x64
		{7596216B-669C-41F8-86DA-F3637F6545C0}.Development|x64.Build.0 = Debug|x64
		{7596216B-669C-41F8-86DA-F3637F6545C0}.Development|x86.ActiveCfg = Debug|x86
		{7596216B-669C-41F8-86DA-F3637F6545C0}.Development|x86.Build.0 = Debug|x86
		{7596216B-669C-41F8-86DA-F3637F6545C0}.Release|Any CPU.ActiveCfg = Release|x86
		{7596216B-669C-41F8-86DA-F3637F6545C0}.Release|ARM.ActiveCfg = Release|ARM
		{7596216B-669C-41F8-86DA-F3637F6545C0}.Release|ARM.Build.0 = Release|ARM
		{7596216B-669C-41F8-86DA-F3637F6545C0}.Release|x64.ActiveCfg = Release|x64
		{7596216B-669C-41F8-86DA-F3637F6545C0}.Release|x64.Build.0 = Release|x64
		{7596216B-669C-41F8-86DA-F3637F6545C0}.Release|x86.ActiveCfg = Release|x86
		{7596216B-669C-41F8-86DA-F3637F6545C0}.Release|x86.Build.0 = Release|x86
		{7596216B-669C-41F8-86DA-F3637F6545C0}.ReleaseBundle|Any CPU.ActiveCfg = Release|x86
		{7596216B-669C-41F8-86DA-F3637F6545C0}.ReleaseBundle|Any CPU.Build.0 = Release|x86
		{7596216B-669C-41F8-86DA-F3637F6545C0}.ReleaseBundle|ARM.ActiveCfg = Release|ARM
		{7596216B-669C-41F8-86DA-F3637F6545C0}.ReleaseBundle|ARM.Build.0 = Release|ARM
		{7596216B-669C-41F8-86DA-F3637F6545C0}.ReleaseBundle|x64.ActiveCfg = Release|x64
		{7596216B-669C-41F8-86DA-F3637F6545C0}.ReleaseBundle|x64.Build.0 = Release|x64
		{7596216B-669C-41F8-86DA-F3637F6545C0}.ReleaseBundle|x86.ActiveCfg = Release|x86
		{7596216B-669C-41F8-86DA-F3637F6545C0}.ReleaseBundle|x86.Build.0 = Release|x86
		{2EACF721-73B5-46AE-9775-4A8674D05A9C}.Debug|Any CPU.ActiveCfg = Debug|Win32
		{2EACF721-73B5-46AE-9775-4A8674D05A9C}.Debug|ARM.ActiveCfg = Debug|ARM
		{2EACF721-73B5-46AE-9775-4A8674D05A9C}.Debug|ARM.Build.0 = Debug|ARM
		{2EACF721-73B5-46AE-9775-4A8674D05A9C}.Debug|x64.ActiveCfg = Debug|x64
		{2EACF721-73B5-46AE-9775-4A8674D05A9C}.Debug|x64.Build.0 = Debug|x64
		{2EACF721-73B5-46AE-9775-4A8674D05A9C}.Debug|x86.ActiveCfg = Debug|Win32
		{2EACF721-73B5-46AE-9775-4A8674D05A9C}.Debug|x86.Build.0 = Debug|Win32
		{2EACF721-73B5-46AE-9775-4A8674D05A9C}.DebugBundle|Any CPU.ActiveCfg = Release|Win32
		{2EACF721-73B5-46AE-9775-4A8674D05A9C}.DebugBundle|Any CPU.Build.0 = Release|Win32
		{2EACF721-73B5-46AE-9775-4A8674D05A9C}.DebugBundle|ARM.ActiveCfg = Debug|ARM
		{2EACF721-73B5-46AE-9775-4A8674D05A9C}.DebugBundle|ARM.Build.0 = Debug|ARM
		{2EACF721-73B5-46AE-9775-4A8674D05A9C}.DebugBundle|x64.ActiveCfg = Debug|x64
		{2EACF721-73B5-46AE-9775-4A8674D05A9C}.DebugBundle|x64.Build.0 = Debug|x64
		{2EACF721-73B5-46AE-9775-4A8674D05A9C}.DebugBundle|x86.ActiveCfg = Debug|Win32
		{2EACF721-73B5-46AE-9775-4A8674D05A9C}.DebugBundle|x86.Build.0 = Debug|Win32
		{2EACF721-73B5-46AE-9775-4A8674D05A9C}.Development|Any CPU.ActiveCfg = Release|Win32
		{2EACF721-73B5-46AE-9775-4A8674D05A9C}.Development|Any CPU.Build.0 = Release|Win32
		{2EACF721-73B5-46AE-9775-4A8674D05A9C}.Development|ARM.ActiveCfg = Debug|ARM
		{2EACF721-73B5-46AE-9775-4A8674D05A9C}.Development|ARM.Build.0 = Debug|ARM
		{2EACF721-73B5-46AE-9775-4A8674D05A9C}.Development|x64.ActiveCfg = Debug|x64
		{2EACF721-73B5-46AE-9775-4A8674D05A9C}.Development|x64.Build.0 = Debug|x64
		{2EACF721-73B5-46AE-9775-4A8674D05A9C}.Development|x86.ActiveCfg = Debug|Win32
		{2EACF721-73B5-46AE-9775-4A8674D05A9C}.Development|x86.Build.0 = Debug|Win32
		{2EACF721-73B5-46AE-9775-4A8674D05A9C}.Release|Any CPU.ActiveCfg = Release|Win32
		{2EACF721-73B5-46AE-9775-4A8674D05A9C}.Release|ARM.ActiveCfg = Release|ARM
		{2EACF721-73B5-46AE-9775-4A8674D05A9C}.Release|ARM.Build.0 = Release|ARM
		{2EACF721-73B5-46AE-9775-4A8674D05A9C}.Release|x64.ActiveCfg = Release|x64
		{2EACF721-73B5-46AE-9775-4A8674D05A9C}.Release|x64.Build.0 = Release|x64
		{2EACF721-73B5-46AE-9775-4A8674D05A9C}.Release|x86.ActiveCfg = Release|Win32
		{2EACF721-73B5-46AE-9775-4A8674D05A9C}.Release|x86.Build.0 = Release|Win32
		{2EACF721-73B5-46AE-9775-4A8674D05A9C}.ReleaseBundle|Any CPU.ActiveCfg = Release|Win32
		{2EACF721-73B5-46AE-9775-4A8674D05A9C}.ReleaseBundle|Any CPU.Build.0 = Release|Win32
		{2EACF721-73B5-46AE-9775-4A8674D05A9C}.ReleaseBundle|ARM.ActiveCfg = Release|ARM
		{2EACF721-73B5-46AE-9775-4A8674D05A9C}.ReleaseBundle|ARM.Build.0 = Release|ARM
		{2EACF721-73B5-46AE-9775-4A8674D05A9C}.ReleaseBundle|x64.ActiveCfg = Release|x64
		{2EACF721-73B5-46AE-9775-4A8674D05A9C}.ReleaseBundle|x64.Build.0 = Release|x64
		{2EACF721-73B5-46AE-9775-4A8674D05A9C}.ReleaseBundle|x86.ActiveCfg = Release|Win32
		{2EACF721-73B5-46AE-9775-4A8674D05A9C}.ReleaseBundle|x86.Build.0 = Release|Win32
		{6A1F04D0-8750-11E6-AADE-EB9EAC8D95CF}.Debug|Any CPU.ActiveCfg = Debug|Any CPU
		{6A1F04D0-8750-11E6-AADE-EB9EAC8D95CF}.Debug|Any CPU.Build.0 = Debug|Any CPU
		{6A1F04D0-8750-11E6-AADE-EB9EAC8D95CF}.Debug|ARM.ActiveCfg = Debug|ARM
		{6A1F04D0-8750-11E6-AADE-EB9EAC8D95CF}.Debug|ARM.Build.0 = Debug|ARM
		{6A1F04D0-8750-11E6-AADE-EB9EAC8D95CF}.Debug|x64.ActiveCfg = Debug|x64
		{6A1F04D0-8750-11E6-AADE-EB9EAC8D95CF}.Debug|x64.Build.0 = Debug|x64
		{6A1F04D0-8750-11E6-AADE-EB9EAC8D95CF}.Debug|x86.ActiveCfg = Debug|x86
		{6A1F04D0-8750-11E6-AADE-EB9EAC8D95CF}.Debug|x86.Build.0 = Debug|x86
		{6A1F04D0-8750-11E6-AADE-EB9EAC8D95CF}.DebugBundle|Any CPU.ActiveCfg = Debug|Any CPU
		{6A1F04D0-8750-11E6-AADE-EB9EAC8D95CF}.DebugBundle|Any CPU.Build.0 = Debug|Any CPU
		{6A1F04D0-8750-11E6-AADE-EB9EAC8D95CF}.DebugBundle|ARM.ActiveCfg = Debug|ARM
		{6A1F04D0-8750-11E6-AADE-EB9EAC8D95CF}.DebugBundle|ARM.Build.0 = Debug|ARM
		{6A1F04D0-8750-11E6-AADE-EB9EAC8D95CF}.DebugBundle|x64.ActiveCfg = Debug|x64
		{6A1F04D0-8750-11E6-AADE-EB9EAC8D95CF}.DebugBundle|x64.Build.0 = Debug|x64
		{6A1F04D0-8750-11E6-AADE-EB9EAC8D95CF}.DebugBundle|x86.ActiveCfg = Debug|x86
		{6A1F04D0-8750-11E6-AADE-EB9EAC8D95CF}.DebugBundle|x86.Build.0 = Debug|x86
		{6A1F04D0-8750-11E6-AADE-EB9EAC8D95CF}.Development|Any CPU.ActiveCfg = Development|Any CPU
		{6A1F04D0-8750-11E6-AADE-EB9EAC8D95CF}.Development|Any CPU.Build.0 = Development|Any CPU
		{6A1F04D0-8750-11E6-AADE-EB9EAC8D95CF}.Development|ARM.ActiveCfg = Development|ARM
		{6A1F04D0-8750-11E6-AADE-EB9EAC8D95CF}.Development|ARM.Build.0 = Development|ARM
		{6A1F04D0-8750-11E6-AADE-EB9EAC8D95CF}.Development|x64.ActiveCfg = Development|x64
		{6A1F04D0-8750-11E6-AADE-EB9EAC8D95CF}.Development|x64.Build.0 = Development|x64
		{6A1F04D0-8750-11E6-AADE-EB9EAC8D95CF}.Development|x86.ActiveCfg = Development|x86
		{6A1F04D0-8750-11E6-AADE-EB9EAC8D95CF}.Development|x86.Build.0 = Development|x86
		{6A1F04D0-8750-11E6-AADE-EB9EAC8D95CF}.Release|Any CPU.ActiveCfg = Release|Any CPU
		{6A1F04D0-8750-11E6-AADE-EB9EAC8D95CF}.Release|Any CPU.Build.0 = Release|Any CPU
		{6A1F04D0-8750-11E6-AADE-EB9EAC8D95CF}.Release|ARM.ActiveCfg = Release|ARM
		{6A1F04D0-8750-11E6-AADE-EB9EAC8D95CF}.Release|ARM.Build.0 = Release|ARM
		{6A1F04D0-8750-11E6-AADE-EB9EAC8D95CF}.Release|x64.ActiveCfg = Release|x64
		{6A1F04D0-8750-11E6-AADE-EB9EAC8D95CF}.Release|x64.Build.0 = Release|x64
		{6A1F04D0-8750-11E6-AADE-EB9EAC8D95CF}.Release|x86.ActiveCfg = Release|x86
		{6A1F04D0-8750-11E6-AADE-EB9EAC8D95CF}.Release|x86.Build.0 = Release|x86
		{6A1F04D0-8750-11E6-AADE-EB9EAC8D95CF}.ReleaseBundle|Any CPU.ActiveCfg = Release|Any CPU
		{6A1F04D0-8750-11E6-AADE-EB9EAC8D95CF}.ReleaseBundle|Any CPU.Build.0 = Release|Any CPU
		{6A1F04D0-8750-11E6-AADE-EB9EAC8D95CF}.ReleaseBundle|ARM.ActiveCfg = Release|ARM
		{6A1F04D0-8750-11E6-AADE-EB9EAC8D95CF}.ReleaseBundle|ARM.Build.0 = Release|ARM
		{6A1F04D0-8750-11E6-AADE-EB9EAC8D95CF}.ReleaseBundle|x64.ActiveCfg = Release|x64
		{6A1F04D0-8750-11E6-AADE-EB9EAC8D95CF}.ReleaseBundle|x64.Build.0 = Release|x64
		{6A1F04D0-8750-11E6-AADE-EB9EAC8D95CF}.ReleaseBundle|x86.ActiveCfg = Release|x86
		{6A1F04D0-8750-11E6-AADE-EB9EAC8D95CF}.ReleaseBundle|x86.Build.0 = Release|x86
	EndGlobalSection
	GlobalSection(SolutionProperties) = preSolution
		HideSolutionNode = FALSE
	EndGlobalSection
	GlobalSection(ExtensibilityGlobals) = postSolution
		SolutionGuid = {B1CC92D8-054F-4AB6-B982-0CAB8B9AAC57}
	EndGlobalSection
EndGlobal
